// !$*UTF8*$!
{
	archiveVersion = 1;
	classes = {
	};
	objectVersion = 55;
	objects = {

/* Begin PBXBuildFile section */
		7F6761CA2722CF23008B56B7 /* AppDelegate.swift in Sources */ = {isa = PBXBuildFile; fileRef = 7F6761C92722CF23008B56B7 /* AppDelegate.swift */; };
		7F6761CC2722CF23008B56B7 /* SceneDelegate.swift in Sources */ = {isa = PBXBuildFile; fileRef = 7F6761CB2722CF23008B56B7 /* SceneDelegate.swift */; };
		7F6761CE2722CF23008B56B7 /* HomepageVC.swift in Sources */ = {isa = PBXBuildFile; fileRef = 7F6761CD2722CF23008B56B7 /* HomepageVC.swift */; };
		7F6761D12722CF23008B56B7 /* Main.storyboard in Resources */ = {isa = PBXBuildFile; fileRef = 7F6761CF2722CF23008B56B7 /* Main.storyboard */; };
		7F6761D32722CF25008B56B7 /* Assets.xcassets in Resources */ = {isa = PBXBuildFile; fileRef = 7F6761D22722CF25008B56B7 /* Assets.xcassets */; };
		7F6761D62722CF25008B56B7 /* LaunchScreen.storyboard in Resources */ = {isa = PBXBuildFile; fileRef = 7F6761D42722CF25008B56B7 /* LaunchScreen.storyboard */; };
		7FB805C227264C4C0064A92D /* NewsClassifier.mlpackage in Sources */ = {isa = PBXBuildFile; fileRef = 7FB805C127264C4C0064A92D /* NewsClassifier.mlpackage */; };
		7FB805C527264CFD0064A92D /* TextAnalysisInteractor.swift in Sources */ = {isa = PBXBuildFile; fileRef = 7FB805C427264CFD0064A92D /* TextAnalysisInteractor.swift */; };
		7FF3F1B22727F8BE0081A2A6 /* HomePagePresenter.swift in Sources */ = {isa = PBXBuildFile; fileRef = 7FF3F1B12727F8BE0081A2A6 /* HomePagePresenter.swift */; };
		7FF3F1B42727FC210081A2A6 /* IdentifyNewsVC.swift in Sources */ = {isa = PBXBuildFile; fileRef = 7FF3F1B32727FC210081A2A6 /* IdentifyNewsVC.swift */; };
		7FF3F1B62727FD4D0081A2A6 /* IdentifyNewsPresenter.swift in Sources */ = {isa = PBXBuildFile; fileRef = 7FF3F1B52727FD4D0081A2A6 /* IdentifyNewsPresenter.swift */; };
/* End PBXBuildFile section */

/* Begin PBXFileReference section */
		7F6761C62722CF23008B56B7 /* Newly.app */ = {isa = PBXFileReference; explicitFileType = wrapper.application; includeInIndex = 0; path = Newly.app; sourceTree = BUILT_PRODUCTS_DIR; };
		7F6761C92722CF23008B56B7 /* AppDelegate.swift */ = {isa = PBXFileReference; lastKnownFileType = sourcecode.swift; path = AppDelegate.swift; sourceTree = "<group>"; };
		7F6761CB2722CF23008B56B7 /* SceneDelegate.swift */ = {isa = PBXFileReference; lastKnownFileType = sourcecode.swift; path = SceneDelegate.swift; sourceTree = "<group>"; };
		7F6761CD2722CF23008B56B7 /* HomepageVC.swift */ = {isa = PBXFileReference; lastKnownFileType = sourcecode.swift; path = HomepageVC.swift; sourceTree = "<group>"; };
		7F6761D02722CF23008B56B7 /* Base */ = {isa = PBXFileReference; lastKnownFileType = file.storyboard; name = Base; path = Base.lproj/Main.storyboard; sourceTree = "<group>"; };
		7F6761D22722CF25008B56B7 /* Assets.xcassets */ = {isa = PBXFileReference; lastKnownFileType = folder.assetcatalog; path = Assets.xcassets; sourceTree = "<group>"; };
		7F6761D52722CF25008B56B7 /* Base */ = {isa = PBXFileReference; lastKnownFileType = file.storyboard; name = Base; path = Base.lproj/LaunchScreen.storyboard; sourceTree = "<group>"; };
		7F6761D72722CF25008B56B7 /* Info.plist */ = {isa = PBXFileReference; lastKnownFileType = text.plist.xml; path = Info.plist; sourceTree = "<group>"; };
		7FB805C127264C4C0064A92D /* NewsClassifier.mlpackage */ = {isa = PBXFileReference; lastKnownFileType = folder.mlpackage; path = NewsClassifier.mlpackage; sourceTree = "<group>"; };
		7FB805C427264CFD0064A92D /* TextAnalysisInteractor.swift */ = {isa = PBXFileReference; lastKnownFileType = sourcecode.swift; path = TextAnalysisInteractor.swift; sourceTree = "<group>"; };
		7FF3F1B12727F8BE0081A2A6 /* HomePagePresenter.swift */ = {isa = PBXFileReference; lastKnownFileType = sourcecode.swift; path = HomePagePresenter.swift; sourceTree = "<group>"; };
		7FF3F1B32727FC210081A2A6 /* IdentifyNewsVC.swift */ = {isa = PBXFileReference; lastKnownFileType = sourcecode.swift; path = IdentifyNewsVC.swift; sourceTree = "<group>"; };
		7FF3F1B52727FD4D0081A2A6 /* IdentifyNewsPresenter.swift */ = {isa = PBXFileReference; lastKnownFileType = sourcecode.swift; path = IdentifyNewsPresenter.swift; sourceTree = "<group>"; };
/* End PBXFileReference section */

/* Begin PBXFrameworksBuildPhase section */
		7F6761C32722CF23008B56B7 /* Frameworks */ = {
			isa = PBXFrameworksBuildPhase;
			buildActionMask = 2147483647;
			files = (
			);
			runOnlyForDeploymentPostprocessing = 0;
		};
/* End PBXFrameworksBuildPhase section */

/* Begin PBXGroup section */
		7F6761BD2722CF23008B56B7 = {
			isa = PBXGroup;
			children = (
				7F6761C82722CF23008B56B7 /* Newly */,
				7F6761C72722CF23008B56B7 /* Products */,
			);
			sourceTree = "<group>";
		};
		7F6761C72722CF23008B56B7 /* Products */ = {
			isa = PBXGroup;
			children = (
				7F6761C62722CF23008B56B7 /* Newly.app */,
			);
			name = Products;
			sourceTree = "<group>";
		};
		7F6761C82722CF23008B56B7 /* Newly */ = {
			isa = PBXGroup;
			children = (
				7F6761C92722CF23008B56B7 /* AppDelegate.swift */,
				7F6761CB2722CF23008B56B7 /* SceneDelegate.swift */,
				7F6761D22722CF25008B56B7 /* Assets.xcassets */,
				7F6761D72722CF25008B56B7 /* Info.plist */,
				7FF3F1B02727F8A20081A2A6 /* Scene */,
				7FB805C327264CD90064A92D /* Interactor */,
				7FB805BD27264C120064A92D /* Model */,
				7FF3F1AF2727F8910081A2A6 /* View */,
				7FF3F1AE2727F8830081A2A6 /* Presenter */,
			);
			path = Newly;
			sourceTree = "<group>";
		};
		7FB805BD27264C120064A92D /* Model */ = {
			isa = PBXGroup;
			children = (
				7FB805BE27264C1C0064A92D /* ML */,
			);
			path = Model;
			sourceTree = "<group>";
		};
		7FB805BE27264C1C0064A92D /* ML */ = {
			isa = PBXGroup;
			children = (
				7FB805C127264C4C0064A92D /* NewsClassifier.mlpackage */,
			);
			path = ML;
			sourceTree = "<group>";
		};
		7FB805C327264CD90064A92D /* Interactor */ = {
			isa = PBXGroup;
			children = (
				7FB805C427264CFD0064A92D /* TextAnalysisInteractor.swift */,
			);
			path = Interactor;
			sourceTree = "<group>";
		};
		7FF3F1AE2727F8830081A2A6 /* Presenter */ = {
			isa = PBXGroup;
			children = (
				7FF3F1B12727F8BE0081A2A6 /* HomePagePresenter.swift */,
				7FF3F1B52727FD4D0081A2A6 /* IdentifyNewsPresenter.swift */,
			);
			path = Presenter;
			sourceTree = "<group>";
		};
		7FF3F1AF2727F8910081A2A6 /* View */ = {
			isa = PBXGroup;
			children = (
				7F6761CD2722CF23008B56B7 /* HomepageVC.swift */,
				7FF3F1B32727FC210081A2A6 /* IdentifyNewsVC.swift */,
			);
			path = View;
			sourceTree = "<group>";
		};
		7FF3F1B02727F8A20081A2A6 /* Scene */ = {
			isa = PBXGroup;
			children = (
				7F6761CF2722CF23008B56B7 /* Main.storyboard */,
				7F6761D42722CF25008B56B7 /* LaunchScreen.storyboard */,
			);
			path = Scene;
			sourceTree = "<group>";
		};
/* End PBXGroup section */

/* Begin PBXNativeTarget section */
		7F6761C52722CF23008B56B7 /* Newly */ = {
			isa = PBXNativeTarget;
			buildConfigurationList = 7F6761DA2722CF25008B56B7 /* Build configuration list for PBXNativeTarget "Newly" */;
			buildPhases = (
				7F6761C22722CF23008B56B7 /* Sources */,
				7F6761C32722CF23008B56B7 /* Frameworks */,
				7F6761C42722CF23008B56B7 /* Resources */,
			);
			buildRules = (
			);
			dependencies = (
			);
			name = Newly;
			productName = Newly;
			productReference = 7F6761C62722CF23008B56B7 /* Newly.app */;
			productType = "com.apple.product-type.application";
		};
/* End PBXNativeTarget section */

/* Begin PBXProject section */
		7F6761BE2722CF23008B56B7 /* Project object */ = {
			isa = PBXProject;
			attributes = {
				BuildIndependentTargetsInParallel = 1;
				LastSwiftUpdateCheck = 1300;
				LastUpgradeCheck = 1300;
				TargetAttributes = {
					7F6761C52722CF23008B56B7 = {
						CreatedOnToolsVersion = 13.0;
					};
				};
			};
			buildConfigurationList = 7F6761C12722CF23008B56B7 /* Build configuration list for PBXProject "Newly" */;
			compatibilityVersion = "Xcode 13.0";
			developmentRegion = en;
			hasScannedForEncodings = 0;
			knownRegions = (
				en,
				Base,
			);
			mainGroup = 7F6761BD2722CF23008B56B7;
			productRefGroup = 7F6761C72722CF23008B56B7 /* Products */;
			projectDirPath = "";
			projectRoot = "";
			targets = (
				7F6761C52722CF23008B56B7 /* Newly */,
			);
		};
/* End PBXProject section */

/* Begin PBXResourcesBuildPhase section */
		7F6761C42722CF23008B56B7 /* Resources */ = {
			isa = PBXResourcesBuildPhase;
			buildActionMask = 2147483647;
			files = (
				7F6761D62722CF25008B56B7 /* LaunchScreen.storyboard in Resources */,
				7F6761D32722CF25008B56B7 /* Assets.xcassets in Resources */,
				7F6761D12722CF23008B56B7 /* Main.storyboard in Resources */,
			);
			runOnlyForDeploymentPostprocessing = 0;
		};
/* End PBXResourcesBuildPhase section */

/* Begin PBXSourcesBuildPhase section */
		7F6761C22722CF23008B56B7 /* Sources */ = {
			isa = PBXSourcesBuildPhase;
			buildActionMask = 2147483647;
			files = (
				7FB805C227264C4C0064A92D /* NewsClassifier.mlpackage in Sources */,
				7FB805C527264CFD0064A92D /* TextAnalysisInteractor.swift in Sources */,
				7FF3F1B22727F8BE0081A2A6 /* HomePagePresenter.swift in Sources */,
				7FF3F1B42727FC210081A2A6 /* IdentifyNewsVC.swift in Sources */,
				7F6761CE2722CF23008B56B7 /* HomepageVC.swift in Sources */,
				7F6761CA2722CF23008B56B7 /* AppDelegate.swift in Sources */,
				7F6761CC2722CF23008B56B7 /* SceneDelegate.swift in Sources */,
				7FF3F1B62727FD4D0081A2A6 /* IdentifyNewsPresenter.swift in Sources */,
			);
			runOnlyForDeploymentPostprocessing = 0;
		};
/* End PBXSourcesBuildPhase section */

/* Begin PBXVariantGroup section */
		7F6761CF2722CF23008B56B7 /* Main.storyboard */ = {
			isa = PBXVariantGroup;
			children = (
				7F6761D02722CF23008B56B7 /* Base */,
			);
			name = Main.storyboard;
			sourceTree = "<group>";
		};
		7F6761D42722CF25008B56B7 /* LaunchScreen.storyboard */ = {
			isa = PBXVariantGroup;
			children = (
				7F6761D52722CF25008B56B7 /* Base */,
			);
			name = LaunchScreen.storyboard;
			sourceTree = "<group>";
		};
/* End PBXVariantGroup section */

/* Begin XCBuildConfiguration section */
		7F6761D82722CF25008B56B7 /* Debug */ = {
			isa = XCBuildConfiguration;
			buildSettings = {
				ALWAYS_SEARCH_USER_PATHS = NO;
				CLANG_ANALYZER_NONNULL = YES;
				CLANG_ANALYZER_NUMBER_OBJECT_CONVERSION = YES_AGGRESSIVE;
				CLANG_CXX_LANGUAGE_STANDARD = "gnu++17";
				CLANG_CXX_LIBRARY = "libc++";
				CLANG_ENABLE_MODULES = YES;
				CLANG_ENABLE_OBJC_ARC = YES;
				CLANG_ENABLE_OBJC_WEAK = YES;
				CLANG_WARN_BLOCK_CAPTURE_AUTORELEASING = YES;
				CLANG_WARN_BOOL_CONVERSION = YES;
				CLANG_WARN_COMMA = YES;
				CLANG_WARN_CONSTANT_CONVERSION = YES;
				CLANG_WARN_DEPRECATED_OBJC_IMPLEMENTATIONS = YES;
				CLANG_WARN_DIRECT_OBJC_ISA_USAGE = YES_ERROR;
				CLANG_WARN_DOCUMENTATION_COMMENTS = YES;
				CLANG_WARN_EMPTY_BODY = YES;
				CLANG_WARN_ENUM_CONVERSION = YES;
				CLANG_WARN_INFINITE_RECURSION = YES;
				CLANG_WARN_INT_CONVERSION = YES;
				CLANG_WARN_NON_LITERAL_NULL_CONVERSION = YES;
				CLANG_WARN_OBJC_IMPLICIT_RETAIN_SELF = YES;
				CLANG_WARN_OBJC_LITERAL_CONVERSION = YES;
				CLANG_WARN_OBJC_ROOT_CLASS = YES_ERROR;
				CLANG_WARN_QUOTED_INCLUDE_IN_FRAMEWORK_HEADER = YES;
				CLANG_WARN_RANGE_LOOP_ANALYSIS = YES;
				CLANG_WARN_STRICT_PROTOTYPES = YES;
				CLANG_WARN_SUSPICIOUS_MOVE = YES;
				CLANG_WARN_UNGUARDED_AVAILABILITY = YES_AGGRESSIVE;
				CLANG_WARN_UNREACHABLE_CODE = YES;
				CLANG_WARN__DUPLICATE_METHOD_MATCH = YES;
				COPY_PHASE_STRIP = NO;
				DEBUG_INFORMATION_FORMAT = dwarf;
				ENABLE_STRICT_OBJC_MSGSEND = YES;
				ENABLE_TESTABILITY = YES;
				GCC_C_LANGUAGE_STANDARD = gnu11;
				GCC_DYNAMIC_NO_PIC = NO;
				GCC_NO_COMMON_BLOCKS = YES;
				GCC_OPTIMIZATION_LEVEL = 0;
				GCC_PREPROCESSOR_DEFINITIONS = (
					"DEBUG=1",
					"$(inherited)",
				);
				GCC_WARN_64_TO_32_BIT_CONVERSION = YES;
				GCC_WARN_ABOUT_RETURN_TYPE = YES_ERROR;
				GCC_WARN_UNDECLARED_SELECTOR = YES;
				GCC_WARN_UNINITIALIZED_AUTOS = YES_AGGRESSIVE;
				GCC_WARN_UNUSED_FUNCTION = YES;
				GCC_WARN_UNUSED_VARIABLE = YES;
				IPHONEOS_DEPLOYMENT_TARGET = 15.0;
				MTL_ENABLE_DEBUG_INFO = INCLUDE_SOURCE;
				MTL_FAST_MATH = YES;
				ONLY_ACTIVE_ARCH = YES;
				SDKROOT = iphoneos;
				SWIFT_ACTIVE_COMPILATION_CONDITIONS = DEBUG;
				SWIFT_OPTIMIZATION_LEVEL = "-Onone";
			};
			name = Debug;
		};
		7F6761D92722CF25008B56B7 /* Release */ = {
			isa = XCBuildConfiguration;
			buildSettings = {
				ALWAYS_SEARCH_USER_PATHS = NO;
				CLANG_ANALYZER_NONNULL = YES;
				CLANG_ANALYZER_NUMBER_OBJECT_CONVERSION = YES_AGGRESSIVE;
				CLANG_CXX_LANGUAGE_STANDARD = "gnu++17";
				CLANG_CXX_LIBRARY = "libc++";
				CLANG_ENABLE_MODULES = YES;
				CLANG_ENABLE_OBJC_ARC = YES;
				CLANG_ENABLE_OBJC_WEAK = YES;
				CLANG_WARN_BLOCK_CAPTURE_AUTORELEASING = YES;
				CLANG_WARN_BOOL_CONVERSION = YES;
				CLANG_WARN_COMMA = YES;
				CLANG_WARN_CONSTANT_CONVERSION = YES;
				CLANG_WARN_DEPRECATED_OBJC_IMPLEMENTATIONS = YES;
				CLANG_WARN_DIRECT_OBJC_ISA_USAGE = YES_ERROR;
				CLANG_WARN_DOCUMENTATION_COMMENTS = YES;
				CLANG_WARN_EMPTY_BODY = YES;
				CLANG_WARN_ENUM_CONVERSION = YES;
				CLANG_WARN_INFINITE_RECURSION = YES;
				CLANG_WARN_INT_CONVERSION = YES;
				CLANG_WARN_NON_LITERAL_NULL_CONVERSION = YES;
				CLANG_WARN_OBJC_IMPLICIT_RETAIN_SELF = YES;
				CLANG_WARN_OBJC_LITERAL_CONVERSION = YES;
				CLANG_WARN_OBJC_ROOT_CLASS = YES_ERROR;
				CLANG_WARN_QUOTED_INCLUDE_IN_FRAMEWORK_HEADER = YES;
				CLANG_WARN_RANGE_LOOP_ANALYSIS = YES;
				CLANG_WARN_STRICT_PROTOTYPES = YES;
				CLANG_WARN_SUSPICIOUS_MOVE = YES;
				CLANG_WARN_UNGUARDED_AVAILABILITY = YES_AGGRESSIVE;
				CLANG_WARN_UNREACHABLE_CODE = YES;
				CLANG_WARN__DUPLICATE_METHOD_MATCH = YES;
				COPY_PHASE_STRIP = NO;
				DEBUG_INFORMATION_FORMAT = "dwarf-with-dsym";
				ENABLE_NS_ASSERTIONS = NO;
				ENABLE_STRICT_OBJC_MSGSEND = YES;
				GCC_C_LANGUAGE_STANDARD = gnu11;
				GCC_NO_COMMON_BLOCKS = YES;
				GCC_WARN_64_TO_32_BIT_CONVERSION = YES;
				GCC_WARN_ABOUT_RETURN_TYPE = YES_ERROR;
				GCC_WARN_UNDECLARED_SELECTOR = YES;
				GCC_WARN_UNINITIALIZED_AUTOS = YES_AGGRESSIVE;
				GCC_WARN_UNUSED_FUNCTION = YES;
				GCC_WARN_UNUSED_VARIABLE = YES;
				IPHONEOS_DEPLOYMENT_TARGET = 15.0;
				MTL_ENABLE_DEBUG_INFO = NO;
				MTL_FAST_MATH = YES;
				SDKROOT = iphoneos;
				SWIFT_COMPILATION_MODE = wholemodule;
				SWIFT_OPTIMIZATION_LEVEL = "-O";
				VALIDATE_PRODUCT = YES;
			};
			name = Release;
		};
		7F6761DB2722CF25008B56B7 /* Debug */ = {
			isa = XCBuildConfiguration;
			buildSettings = {
				ASSETCATALOG_COMPILER_APPICON_NAME = AppIcon;
				ASSETCATALOG_COMPILER_GLOBAL_ACCENT_COLOR_NAME = AccentColor;
				CODE_SIGN_STYLE = Automatic;
				CURRENT_PROJECT_VERSION = 1;
				DEVELOPMENT_TEAM = CX2G82J2TK;
				GENERATE_INFOPLIST_FILE = YES;
				INFOPLIST_FILE = Newly/Info.plist;
				INFOPLIST_KEY_UIApplicationSupportsIndirectInputEvents = YES;
				INFOPLIST_KEY_UILaunchStoryboardName = LaunchScreen;
				INFOPLIST_KEY_UIMainStoryboardFile = Main;
				INFOPLIST_KEY_UISupportedInterfaceOrientations = UIInterfaceOrientationPortrait;
				INFOPLIST_KEY_UISupportedInterfaceOrientations_iPad = "UIInterfaceOrientationPortrait UIInterfaceOrientationPortraitUpsideDown UIInterfaceOrientationLandscapeLeft UIInterfaceOrientationLandscapeRight";
				INFOPLIST_KEY_UISupportedInterfaceOrientations_iPhone = "UIInterfaceOrientationPortrait UIInterfaceOrientationLandscapeLeft UIInterfaceOrientationLandscapeRight";
				IPHONEOS_DEPLOYMENT_TARGET = 13.0;
				LD_RUNPATH_SEARCH_PATHS = (
					"$(inherited)",
					"@executable_path/Frameworks",
				);
				MARKETING_VERSION = 1.0;
				PRODUCT_BUNDLE_IDENTIFIER = com.esikmalazman.Newly;
				PRODUCT_NAME = "$(TARGET_NAME)";
				SWIFT_EMIT_LOC_STRINGS = YES;
				SWIFT_VERSION = 5.0;
				TARGETED_DEVICE_FAMILY = "1,2";
			};
			name = Debug;
		};
		7F6761DC2722CF25008B56B7 /* Release */ = {
			isa = XCBuildConfiguration;
			buildSettings = {
				ASSETCATALOG_COMPILER_APPICON_NAME = AppIcon;
				ASSETCATALOG_COMPILER_GLOBAL_ACCENT_COLOR_NAME = AccentColor;
				CODE_SIGN_STYLE = Automatic;
				CURRENT_PROJECT_VERSION = 1;
				DEVELOPMENT_TEAM = CX2G82J2TK;
				GENERATE_INFOPLIST_FILE = YES;
				INFOPLIST_FILE = Newly/Info.plist;
				INFOPLIST_KEY_UIApplicationSupportsIndirectInputEvents = YES;
				INFOPLIST_KEY_UILaunchStoryboardName = LaunchScreen;
				INFOPLIST_KEY_UIMainStoryboardFile = Main;
				INFOPLIST_KEY_UISupportedInterfaceOrientations = UIInterfaceOrientationPortrait;
				INFOPLIST_KEY_UISupportedInterfaceOrientations_iPad = "UIInterfaceOrientationPortrait UIInterfaceOrientationPortraitUpsideDown UIInterfaceOrientationLandscapeLeft UIInterfaceOrientationLandscapeRight";
				INFOPLIST_KEY_UISupportedInterfaceOrientations_iPhone = "UIInterfaceOrientationPortrait UIInterfaceOrientationLandscapeLeft UIInterfaceOrientationLandscapeRight";
				IPHONEOS_DEPLOYMENT_TARGET = 13.0;
				LD_RUNPATH_SEARCH_PATHS = (
					"$(inherited)",
					"@executable_path/Frameworks",
				);
				MARKETING_VERSION = 1.0;
				PRODUCT_BUNDLE_IDENTIFIER = com.esikmalazman.Newly;
				PRODUCT_NAME = "$(TARGET_NAME)";
				SWIFT_EMIT_LOC_STRINGS = YES;
				SWIFT_VERSION = 5.0;
				TARGETED_DEVICE_FAMILY = "1,2";
			};
			name = Release;
		};
/* End XCBuildConfiguration section */

/* Begin XCConfigurationList section */
		7F6761C12722CF23008B56B7 /* Build configuration list for PBXProject "Newly" */ = {
			isa = XCConfigurationList;
			buildConfigurations = (
				7F6761D82722CF25008B56B7 /* Debug */,
				7F6761D92722CF25008B56B7 /* Release */,
			);
			defaultConfigurationIsVisible = 0;
			defaultConfigurationName = Release;
		};
		7F6761DA2722CF25008B56B7 /* Build configuration list for PBXNativeTarget "Newly" */ = {
			isa = XCConfigurationList;
			buildConfigurations = (
				7F6761DB2722CF25008B56B7 /* Debug */,
				7F6761DC2722CF25008B56B7 /* Release */,
			);
			defaultConfigurationIsVisible = 0;
			defaultConfigurationName = Release;
		};
/* End XCConfigurationList section */
	};
	rootObject = 7F6761BE2722CF23008B56B7 /* Project object */;
}
